
Microsoft Visual Studio Solution File, Format Version 12.00
# Visual Studio 15
VisualStudioVersion = 15.0.28010.2048
MinimumVisualStudioVersion = 10.0.40219.1
Project("{FAE04EC0-301F-11D3-BF4B-00C04F79EFBC}") = "dot-net-core.api.core", "dot-net-core.api.core\dot-net-core.api.core.csproj", "{F008E14F-CB53-4B8A-BBF2-D782B88370D2}"
EndProject
Global
	GlobalSection(SolutionConfigurationPlatforms) = preSolution
		Debug|Any CPU = Debug|Any CPU
		Release|Any CPU = Release|Any CPU
	EndGlobalSection
	GlobalSection(ProjectConfigurationPlatforms) = postSolution
		{F008E14F-CB53-4B8A-BBF2-D782B88370D2}.Debug|Any CPU.ActiveCfg = Debug|Any CPU
		{F008E14F-CB53-4B8A-BBF2-D782B88370D2}.Debug|Any CPU.Build.0 = Debug|Any CPU
		{F008E14F-CB53-4B8A-BBF2-D782B88370D2}.Release|Any CPU.ActiveCfg = Release|Any CPU
		{F008E14F-CB53-4B8A-BBF2-D782B88370D2}.Release|Any CPU.Build.0 = Release|Any CPU
	EndGlobalSection
	GlobalSection(SolutionProperties) = preSolution
		HideSolutionNode = FALSE
	EndGlobalSection
	GlobalSection(ExtensibilityGlobals) = postSolution
		SolutionGuid = {83CBDFBA-1206-4858-A30C-3E8CE28CE092}
	EndGlobalSection
EndGlobal
